
Microsoft Visual Studio Solution File, Format Version 12.00
# Visual Studio Version 16
VisualStudioVersion = 16.0.30011.22
MinimumVisualStudioVersion = 10.0.40219.1
Project("{FAE04EC0-301F-11D3-BF4B-00C04F79EFBC}") = "DemoApiDF", "DemoApiDF\DemoApiDF.csproj", "{1C496458-F0BC-4227-954A-62192B8E9722}"
EndProject
Global
	GlobalSection(SolutionConfigurationPlatforms) = preSolution
		Debug|Any CPU = Debug|Any CPU
		Release|Any CPU = Release|Any CPU
	EndGlobalSection
	GlobalSection(ProjectConfigurationPlatforms) = postSolution
		{1C496458-F0BC-4227-954A-62192B8E9722}.Debug|Any CPU.ActiveCfg = Debug|Any CPU
		{1C496458-F0BC-4227-954A-62192B8E9722}.Debug|Any CPU.Build.0 = Debug|Any CPU
		{1C496458-F0BC-4227-954A-62192B8E9722}.Release|Any CPU.ActiveCfg = Release|Any CPU
		{1C496458-F0BC-4227-954A-62192B8E9722}.Release|Any CPU.Build.0 = Release|Any CPU
	EndGlobalSection
	GlobalSection(SolutionProperties) = preSolution
		HideSolutionNode = FALSE
	EndGlobalSection
	GlobalSection(ExtensibilityGlobals) = postSolution
		SolutionGuid = {4037C71F-ED80-444D-8DC9-24BADBB3C6B3}
	EndGlobalSection
EndGlobal
